// !$*UTF8*$!
{
	archiveVersion = 1;
	classes = {
	};
	objectVersion = 56;
	objects = {

/* Begin PBXBuildFile section */
		85031AD12C28CB8D0060DF89 /* TinderGameTestApp.swift in Sources */ = {isa = PBXBuildFile; fileRef = 85031AD02C28CB8D0060DF89 /* TinderGameTestApp.swift */; };
		85031AD32C28CB8D0060DF89 /* ContentView.swift in Sources */ = {isa = PBXBuildFile; fileRef = 85031AD22C28CB8D0060DF89 /* ContentView.swift */; };
		85031AD52C28CB900060DF89 /* Assets.xcassets in Resources */ = {isa = PBXBuildFile; fileRef = 85031AD42C28CB900060DF89 /* Assets.xcassets */; };
		85031AD82C28CB900060DF89 /* Preview Assets.xcassets in Resources */ = {isa = PBXBuildFile; fileRef = 85031AD72C28CB900060DF89 /* Preview Assets.xcassets */; };
		85031ADF2C28CD3D0060DF89 /* ChatView.swift in Sources */ = {isa = PBXBuildFile; fileRef = 85031ADE2C28CD3D0060DF89 /* ChatView.swift */; };
		85031AE12C28CD9A0060DF89 /* Conversation.swift in Sources */ = {isa = PBXBuildFile; fileRef = 85031AE02C28CD9A0060DF89 /* Conversation.swift */; };
		85031AE32C28DB740060DF89 /* ScriptedResponse.swift in Sources */ = {isa = PBXBuildFile; fileRef = 85031AE22C28DB740060DF89 /* ScriptedResponse.swift */; };
		85031AE62C292FB70060DF89 /* MessageHandling.swift in Sources */ = {isa = PBXBuildFile; fileRef = 85031AE52C292FB70060DF89 /* MessageHandling.swift */; };
		85031AE82C29320B0060DF89 /* ChatBubble.swift in Sources */ = {isa = PBXBuildFile; fileRef = 85031AE72C29320B0060DF89 /* ChatBubble.swift */; };
		85031AEA2C29D84E0060DF89 /* ChatViewModel.swift in Sources */ = {isa = PBXBuildFile; fileRef = 85031AE92C29D84E0060DF89 /* ChatViewModel.swift */; };
		85031AEE2C2A31F40060DF89 /* GameChatView.swift in Sources */ = {isa = PBXBuildFile; fileRef = 85031AED2C2A31F40060DF89 /* GameChatView.swift */; };
/* End PBXBuildFile section */

/* Begin PBXFileReference section */
		85031ACD2C28CB8D0060DF89 /* TinderGameTest.app */ = {isa = PBXFileReference; explicitFileType = wrapper.application; includeInIndex = 0; path = TinderGameTest.app; sourceTree = BUILT_PRODUCTS_DIR; };
		85031AD02C28CB8D0060DF89 /* TinderGameTestApp.swift */ = {isa = PBXFileReference; lastKnownFileType = sourcecode.swift; path = TinderGameTestApp.swift; sourceTree = "<group>"; };
		85031AD22C28CB8D0060DF89 /* ContentView.swift */ = {isa = PBXFileReference; lastKnownFileType = sourcecode.swift; path = ContentView.swift; sourceTree = "<group>"; };
		85031AD42C28CB900060DF89 /* Assets.xcassets */ = {isa = PBXFileReference; lastKnownFileType = folder.assetcatalog; path = Assets.xcassets; sourceTree = "<group>"; };
		85031AD72C28CB900060DF89 /* Preview Assets.xcassets */ = {isa = PBXFileReference; lastKnownFileType = folder.assetcatalog; path = "Preview Assets.xcassets"; sourceTree = "<group>"; };
		85031ADE2C28CD3D0060DF89 /* ChatView.swift */ = {isa = PBXFileReference; lastKnownFileType = sourcecode.swift; path = ChatView.swift; sourceTree = "<group>"; };
		85031AE02C28CD9A0060DF89 /* Conversation.swift */ = {isa = PBXFileReference; lastKnownFileType = sourcecode.swift; path = Conversation.swift; sourceTree = "<group>"; };
		85031AE22C28DB740060DF89 /* ScriptedResponse.swift */ = {isa = PBXFileReference; lastKnownFileType = sourcecode.swift; path = ScriptedResponse.swift; sourceTree = "<group>"; };
		85031AE52C292FB70060DF89 /* MessageHandling.swift */ = {isa = PBXFileReference; lastKnownFileType = sourcecode.swift; path = MessageHandling.swift; sourceTree = "<group>"; };
		85031AE72C29320B0060DF89 /* ChatBubble.swift */ = {isa = PBXFileReference; lastKnownFileType = sourcecode.swift; path = ChatBubble.swift; sourceTree = "<group>"; };
		85031AE92C29D84E0060DF89 /* ChatViewModel.swift */ = {isa = PBXFileReference; lastKnownFileType = sourcecode.swift; path = ChatViewModel.swift; sourceTree = "<group>"; };
		85031AED2C2A31F40060DF89 /* GameChatView.swift */ = {isa = PBXFileReference; lastKnownFileType = sourcecode.swift; path = GameChatView.swift; sourceTree = "<group>"; };
/* End PBXFileReference section */

/* Begin PBXFrameworksBuildPhase section */
		85031ACA2C28CB8D0060DF89 /* Frameworks */ = {
			isa = PBXFrameworksBuildPhase;
			buildActionMask = 2147483647;
			files = (
			);
			runOnlyForDeploymentPostprocessing = 0;
		};
/* End PBXFrameworksBuildPhase section */

/* Begin PBXGroup section */
		85031AC42C28CB8D0060DF89 = {
			isa = PBXGroup;
			children = (
				85031ACF2C28CB8D0060DF89 /* TinderGameTest */,
				85031ACE2C28CB8D0060DF89 /* Products */,
			);
			sourceTree = "<group>";
		};
		85031ACE2C28CB8D0060DF89 /* Products */ = {
			isa = PBXGroup;
			children = (
				85031ACD2C28CB8D0060DF89 /* TinderGameTest.app */,
			);
			name = Products;
			sourceTree = "<group>";
		};
		85031ACF2C28CB8D0060DF89 /* TinderGameTest */ = {
			isa = PBXGroup;
			children = (
				85031AD42C28CB900060DF89 /* Assets.xcassets */,
				85031AD62C28CB900060DF89 /* Preview Content */,
				85031AE42C29034B0060DF89 /* Model */,
				85031AD02C28CB8D0060DF89 /* TinderGameTestApp.swift */,
				85031AD22C28CB8D0060DF89 /* ContentView.swift */,
				85031ADE2C28CD3D0060DF89 /* ChatView.swift */,
				85031AED2C2A31F40060DF89 /* GameChatView.swift */,
				85031AE92C29D84E0060DF89 /* ChatViewModel.swift */,
				85031AE72C29320B0060DF89 /* ChatBubble.swift */,
				85031AE52C292FB70060DF89 /* MessageHandling.swift */,
			);
			path = TinderGameTest;
			sourceTree = "<group>";
		};
		85031AD62C28CB900060DF89 /* Preview Content */ = {
			isa = PBXGroup;
			children = (
				85031AD72C28CB900060DF89 /* Preview Assets.xcassets */,
			);
			path = "Preview Content";
			sourceTree = "<group>";
		};
		85031AE42C29034B0060DF89 /* Model */ = {
			isa = PBXGroup;
			children = (
				85031AE22C28DB740060DF89 /* ScriptedResponse.swift */,
				85031AE02C28CD9A0060DF89 /* Conversation.swift */,
			);
			path = Model;
			sourceTree = "<group>";
		};
/* End PBXGroup section */

/* Begin PBXNativeTarget section */
		85031ACC2C28CB8D0060DF89 /* TinderGameTest */ = {
			isa = PBXNativeTarget;
			buildConfigurationList = 85031ADB2C28CB900060DF89 /* Build configuration list for PBXNativeTarget "TinderGameTest" */;
			buildPhases = (
				85031AC92C28CB8D0060DF89 /* Sources */,
				85031ACA2C28CB8D0060DF89 /* Frameworks */,
				85031ACB2C28CB8D0060DF89 /* Resources */,
			);
			buildRules = (
			);
			dependencies = (
			);
			name = TinderGameTest;
			productName = TinderGameTest;
			productReference = 85031ACD2C28CB8D0060DF89 /* TinderGameTest.app */;
			productType = "com.apple.product-type.application";
		};
/* End PBXNativeTarget section */

/* Begin PBXProject section */
		85031AC52C28CB8D0060DF89 /* Project object */ = {
			isa = PBXProject;
			attributes = {
				BuildIndependentTargetsInParallel = 1;
				LastSwiftUpdateCheck = 1540;
				LastUpgradeCheck = 1540;
				TargetAttributes = {
					85031ACC2C28CB8D0060DF89 = {
						CreatedOnToolsVersion = 15.4;
					};
				};
			};
			buildConfigurationList = 85031AC82C28CB8D0060DF89 /* Build configuration list for PBXProject "TinderGameTest" */;
			compatibilityVersion = "Xcode 14.0";
			developmentRegion = en;
			hasScannedForEncodings = 0;
			knownRegions = (
				en,
				Base,
			);
			mainGroup = 85031AC42C28CB8D0060DF89;
			productRefGroup = 85031ACE2C28CB8D0060DF89 /* Products */;
			projectDirPath = "";
			projectRoot = "";
			targets = (
				85031ACC2C28CB8D0060DF89 /* TinderGameTest */,
			);
		};
/* End PBXProject section */

/* Begin PBXResourcesBuildPhase section */
		85031ACB2C28CB8D0060DF89 /* Resources */ = {
			isa = PBXResourcesBuildPhase;
			buildActionMask = 2147483647;
			files = (
				85031AD82C28CB900060DF89 /* Preview Assets.xcassets in Resources */,
				85031AD52C28CB900060DF89 /* Assets.xcassets in Resources */,
			);
			runOnlyForDeploymentPostprocessing = 0;
		};
/* End PBXResourcesBuildPhase section */

/* Begin PBXSourcesBuildPhase section */
		85031AC92C28CB8D0060DF89 /* Sources */ = {
			isa = PBXSourcesBuildPhase;
			buildActionMask = 2147483647;
			files = (
				85031AE12C28CD9A0060DF89 /* Conversation.swift in Sources */,
				85031AEE2C2A31F40060DF89 /* GameChatView.swift in Sources */,
				85031AD32C28CB8D0060DF89 /* ContentView.swift in Sources */,
				85031AE62C292FB70060DF89 /* MessageHandling.swift in Sources */,
				85031AE32C28DB740060DF89 /* ScriptedResponse.swift in Sources */,
				85031ADF2C28CD3D0060DF89 /* ChatView.swift in Sources */,
				85031AD12C28CB8D0060DF89 /* TinderGameTestApp.swift in Sources */,
				85031AE82C29320B0060DF89 /* ChatBubble.swift in Sources */,
				85031AEA2C29D84E0060DF89 /* ChatViewModel.swift in Sources */,
			);
			runOnlyForDeploymentPostprocessing = 0;
		};
/* End PBXSourcesBuildPhase section */

/* Begin XCBuildConfiguration section */
		85031AD92C28CB900060DF89 /* Debug */ = {
			isa = XCBuildConfiguration;
			buildSettings = {
				ALWAYS_SEARCH_USER_PATHS = NO;
				ASSETCATALOG_COMPILER_GENERATE_SWIFT_ASSET_SYMBOL_EXTENSIONS = YES;
				CLANG_ANALYZER_NONNULL = YES;
				CLANG_ANALYZER_NUMBER_OBJECT_CONVERSION = YES_AGGRESSIVE;
				CLANG_CXX_LANGUAGE_STANDARD = "gnu++20";
				CLANG_ENABLE_MODULES = YES;
				CLANG_ENABLE_OBJC_ARC = YES;
				CLANG_ENABLE_OBJC_WEAK = YES;
				CLANG_WARN_BLOCK_CAPTURE_AUTORELEASING = YES;
				CLANG_WARN_BOOL_CONVERSION = YES;
				CLANG_WARN_COMMA = YES;
				CLANG_WARN_CONSTANT_CONVERSION = YES;
				CLANG_WARN_DEPRECATED_OBJC_IMPLEMENTATIONS = YES;
				CLANG_WARN_DIRECT_OBJC_ISA_USAGE = YES_ERROR;
				CLANG_WARN_DOCUMENTATION_COMMENTS = YES;
				CLANG_WARN_EMPTY_BODY = YES;
				CLANG_WARN_ENUM_CONVERSION = YES;
				CLANG_WARN_INFINITE_RECURSION = YES;
				CLANG_WARN_INT_CONVERSION = YES;
				CLANG_WARN_NON_LITERAL_NULL_CONVERSION = YES;
				CLANG_WARN_OBJC_IMPLICIT_RETAIN_SELF = YES;
				CLANG_WARN_OBJC_LITERAL_CONVERSION = YES;
				CLANG_WARN_OBJC_ROOT_CLASS = YES_ERROR;
				CLANG_WARN_QUOTED_INCLUDE_IN_FRAMEWORK_HEADER = YES;
				CLANG_WARN_RANGE_LOOP_ANALYSIS = YES;
				CLANG_WARN_STRICT_PROTOTYPES = YES;
				CLANG_WARN_SUSPICIOUS_MOVE = YES;
				CLANG_WARN_UNGUARDED_AVAILABILITY = YES_AGGRESSIVE;
				CLANG_WARN_UNREACHABLE_CODE = YES;
				CLANG_WARN__DUPLICATE_METHOD_MATCH = YES;
				COPY_PHASE_STRIP = NO;
				DEBUG_INFORMATION_FORMAT = dwarf;
				ENABLE_STRICT_OBJC_MSGSEND = YES;
				ENABLE_TESTABILITY = YES;
				ENABLE_USER_SCRIPT_SANDBOXING = YES;
				GCC_C_LANGUAGE_STANDARD = gnu17;
				GCC_DYNAMIC_NO_PIC = NO;
				GCC_NO_COMMON_BLOCKS = YES;
				GCC_OPTIMIZATION_LEVEL = 0;
				GCC_PREPROCESSOR_DEFINITIONS = (
					"DEBUG=1",
					"$(inherited)",
				);
				GCC_WARN_64_TO_32_BIT_CONVERSION = YES;
				GCC_WARN_ABOUT_RETURN_TYPE = YES_ERROR;
				GCC_WARN_UNDECLARED_SELECTOR = YES;
				GCC_WARN_UNINITIALIZED_AUTOS = YES_AGGRESSIVE;
				GCC_WARN_UNUSED_FUNCTION = YES;
				GCC_WARN_UNUSED_VARIABLE = YES;
				IPHONEOS_DEPLOYMENT_TARGET = 17.5;
				LOCALIZATION_PREFERS_STRING_CATALOGS = YES;
				MTL_ENABLE_DEBUG_INFO = INCLUDE_SOURCE;
				MTL_FAST_MATH = YES;
				ONLY_ACTIVE_ARCH = YES;
				SDKROOT = iphoneos;
				SWIFT_ACTIVE_COMPILATION_CONDITIONS = "DEBUG $(inherited)";
				SWIFT_OPTIMIZATION_LEVEL = "-Onone";
			};
			name = Debug;
		};
		85031ADA2C28CB900060DF89 /* Release */ = {
			isa = XCBuildConfiguration;
			buildSettings = {
				ALWAYS_SEARCH_USER_PATHS = NO;
				ASSETCATALOG_COMPILER_GENERATE_SWIFT_ASSET_SYMBOL_EXTENSIONS = YES;
				CLANG_ANALYZER_NONNULL = YES;
				CLANG_ANALYZER_NUMBER_OBJECT_CONVERSION = YES_AGGRESSIVE;
				CLANG_CXX_LANGUAGE_STANDARD = "gnu++20";
				CLANG_ENABLE_MODULES = YES;
				CLANG_ENABLE_OBJC_ARC = YES;
				CLANG_ENABLE_OBJC_WEAK = YES;
				CLANG_WARN_BLOCK_CAPTURE_AUTORELEASING = YES;
				CLANG_WARN_BOOL_CONVERSION = YES;
				CLANG_WARN_COMMA = YES;
				CLANG_WARN_CONSTANT_CONVERSION = YES;
				CLANG_WARN_DEPRECATED_OBJC_IMPLEMENTATIONS = YES;
				CLANG_WARN_DIRECT_OBJC_ISA_USAGE = YES_ERROR;
				CLANG_WARN_DOCUMENTATION_COMMENTS = YES;
				CLANG_WARN_EMPTY_BODY = YES;
				CLANG_WARN_ENUM_CONVERSION = YES;
				CLANG_WARN_INFINITE_RECURSION = YES;
				CLANG_WARN_INT_CONVERSION = YES;
				CLANG_WARN_NON_LITERAL_NULL_CONVERSION = YES;
				CLANG_WARN_OBJC_IMPLICIT_RETAIN_SELF = YES;
				CLANG_WARN_OBJC_LITERAL_CONVERSION = YES;
				CLANG_WARN_OBJC_ROOT_CLASS = YES_ERROR;
				CLANG_WARN_QUOTED_INCLUDE_IN_FRAMEWORK_HEADER = YES;
				CLANG_WARN_RANGE_LOOP_ANALYSIS = YES;
				CLANG_WARN_STRICT_PROTOTYPES = YES;
				CLANG_WARN_SUSPICIOUS_MOVE = YES;
				CLANG_WARN_UNGUARDED_AVAILABILITY = YES_AGGRESSIVE;
				CLANG_WARN_UNREACHABLE_CODE = YES;
				CLANG_WARN__DUPLICATE_METHOD_MATCH = YES;
				COPY_PHASE_STRIP = NO;
				DEBUG_INFORMATION_FORMAT = "dwarf-with-dsym";
				ENABLE_NS_ASSERTIONS = NO;
				ENABLE_STRICT_OBJC_MSGSEND = YES;
				ENABLE_USER_SCRIPT_SANDBOXING = YES;
				GCC_C_LANGUAGE_STANDARD = gnu17;
				GCC_NO_COMMON_BLOCKS = YES;
				GCC_WARN_64_TO_32_BIT_CONVERSION = YES;
				GCC_WARN_ABOUT_RETURN_TYPE = YES_ERROR;
				GCC_WARN_UNDECLARED_SELECTOR = YES;
				GCC_WARN_UNINITIALIZED_AUTOS = YES_AGGRESSIVE;
				GCC_WARN_UNUSED_FUNCTION = YES;
				GCC_WARN_UNUSED_VARIABLE = YES;
				IPHONEOS_DEPLOYMENT_TARGET = 17.5;
				LOCALIZATION_PREFERS_STRING_CATALOGS = YES;
				MTL_ENABLE_DEBUG_INFO = NO;
				MTL_FAST_MATH = YES;
				SDKROOT = iphoneos;
				SWIFT_COMPILATION_MODE = wholemodule;
				VALIDATE_PRODUCT = YES;
			};
			name = Release;
		};
		85031ADC2C28CB900060DF89 /* Debug */ = {
			isa = XCBuildConfiguration;
			buildSettings = {
				ASSETCATALOG_COMPILER_APPICON_NAME = AppIcon;
				ASSETCATALOG_COMPILER_GLOBAL_ACCENT_COLOR_NAME = AccentColor;
				CODE_SIGN_STYLE = Automatic;
				CURRENT_PROJECT_VERSION = 1;
				DEVELOPMENT_ASSET_PATHS = "\"TinderGameTest/Preview Content\"";
				DEVELOPMENT_TEAM = Q9835JB82Y;
				ENABLE_PREVIEWS = YES;
				GENERATE_INFOPLIST_FILE = YES;
				INFOPLIST_KEY_UIApplicationSceneManifest_Generation = YES;
				INFOPLIST_KEY_UIApplicationSupportsIndirectInputEvents = YES;
				INFOPLIST_KEY_UILaunchScreen_Generation = YES;
				INFOPLIST_KEY_UISupportedInterfaceOrientations_iPad = "UIInterfaceOrientationPortrait UIInterfaceOrientationPortraitUpsideDown UIInterfaceOrientationLandscapeLeft UIInterfaceOrientationLandscapeRight";
				INFOPLIST_KEY_UISupportedInterfaceOrientations_iPhone = "UIInterfaceOrientationPortrait UIInterfaceOrientationLandscapeLeft UIInterfaceOrientationLandscapeRight";
				LD_RUNPATH_SEARCH_PATHS = (
					"$(inherited)",
					"@executable_path/Frameworks",
				);
				MARKETING_VERSION = 1.0;
				PRODUCT_BUNDLE_IDENTIFIER = com.prism32.TinderGameTest;
				PRODUCT_NAME = "$(TARGET_NAME)";
				SWIFT_EMIT_LOC_STRINGS = YES;
				SWIFT_VERSION = 5.0;
				TARGETED_DEVICE_FAMILY = "1,2";
			};
			name = Debug;
		};
		85031ADD2C28CB900060DF89 /* Release */ = {
			isa = XCBuildConfiguration;
			buildSettings = {
				ASSETCATALOG_COMPILER_APPICON_NAME = AppIcon;
				ASSETCATALOG_COMPILER_GLOBAL_ACCENT_COLOR_NAME = AccentColor;
				CODE_SIGN_STYLE = Automatic;
				CURRENT_PROJECT_VERSION = 1;
				DEVELOPMENT_ASSET_PATHS = "\"TinderGameTest/Preview Content\"";
				DEVELOPMENT_TEAM = Q9835JB82Y;
				ENABLE_PREVIEWS = YES;
				GENERATE_INFOPLIST_FILE = YES;
				INFOPLIST_KEY_UIApplicationSceneManifest_Generation = YES;
				INFOPLIST_KEY_UIApplicationSupportsIndirectInputEvents = YES;
				INFOPLIST_KEY_UILaunchScreen_Generation = YES;
				INFOPLIST_KEY_UISupportedInterfaceOrientations_iPad = "UIInterfaceOrientationPortrait UIInterfaceOrientationPortraitUpsideDown UIInterfaceOrientationLandscapeLeft UIInterfaceOrientationLandscapeRight";
				INFOPLIST_KEY_UISupportedInterfaceOrientations_iPhone = "UIInterfaceOrientationPortrait UIInterfaceOrientationLandscapeLeft UIInterfaceOrientationLandscapeRight";
				LD_RUNPATH_SEARCH_PATHS = (
					"$(inherited)",
					"@executable_path/Frameworks",
				);
				MARKETING_VERSION = 1.0;
				PRODUCT_BUNDLE_IDENTIFIER = com.prism32.TinderGameTest;
				PRODUCT_NAME = "$(TARGET_NAME)";
				SWIFT_EMIT_LOC_STRINGS = YES;
				SWIFT_VERSION = 5.0;
				TARGETED_DEVICE_FAMILY = "1,2";
			};
			name = Release;
		};
/* End XCBuildConfiguration section */

/* Begin XCConfigurationList section */
		85031AC82C28CB8D0060DF89 /* Build configuration list for PBXProject "TinderGameTest" */ = {
			isa = XCConfigurationList;
			buildConfigurations = (
				85031AD92C28CB900060DF89 /* Debug */,
				85031ADA2C28CB900060DF89 /* Release */,
			);
			defaultConfigurationIsVisible = 0;
			defaultConfigurationName = Release;
		};
		85031ADB2C28CB900060DF89 /* Build configuration list for PBXNativeTarget "TinderGameTest" */ = {
			isa = XCConfigurationList;
			buildConfigurations = (
				85031ADC2C28CB900060DF89 /* Debug */,
				85031ADD2C28CB900060DF89 /* Release */,
			);
			defaultConfigurationIsVisible = 0;
			defaultConfigurationName = Release;
		};
/* End XCConfigurationList section */
	};
	rootObject = 85031AC52C28CB8D0060DF89 /* Project object */;
}
